
Microsoft Visual Studio Solution File, Format Version 12.00
# Visual Studio Version 16
VisualStudioVersion = 16.0.28803.202
MinimumVisualStudioVersion = 10.0.40219.1
Project("{FAE04EC0-301F-11D3-BF4B-00C04F79EFBC}") = "QuanLyTiecCuoi", "QuanLyTiecCuoi\QuanLyTiecCuoi.csproj", "{6CAF05EF-E170-4159-842F-9341A51E2A48}"
	ProjectSection(ProjectDependencies) = postProject
		{F4EE9EBA-0D10-4484-AD93-0BFFEAD6FCF4} = {F4EE9EBA-0D10-4484-AD93-0BFFEAD6FCF4}
	EndProjectSection
EndProject
Project("{9A19103F-16F7-4668-BE54-9A1E7A4F7556}") = "BUS", "BUS\BUS.csproj", "{11173D8D-EC89-4D18-885D-C83F9C7E4EF7}"
EndProject
Project("{9A19103F-16F7-4668-BE54-9A1E7A4F7556}") = "DAO", "DAO\DAO.csproj", "{2CBB644C-CC6C-41BD-8F49-1915A7B88263}"
EndProject
Project("{9A19103F-16F7-4668-BE54-9A1E7A4F7556}") = "DTO", "DTO\DTO.csproj", "{F4EE9EBA-0D10-4484-AD93-0BFFEAD6FCF4}"
EndProject
Global
	GlobalSection(SolutionConfigurationPlatforms) = preSolution
		Debug|Any CPU = Debug|Any CPU
		Release|Any CPU = Release|Any CPU
	EndGlobalSection
	GlobalSection(ProjectConfigurationPlatforms) = postSolution
		{6CAF05EF-E170-4159-842F-9341A51E2A48}.Debug|Any CPU.ActiveCfg = Debug|Any CPU
		{6CAF05EF-E170-4159-842F-9341A51E2A48}.Debug|Any CPU.Build.0 = Debug|Any CPU
		{6CAF05EF-E170-4159-842F-9341A51E2A48}.Release|Any CPU.ActiveCfg = Release|Any CPU
		{6CAF05EF-E170-4159-842F-9341A51E2A48}.Release|Any CPU.Build.0 = Release|Any CPU
		{11173D8D-EC89-4D18-885D-C83F9C7E4EF7}.Debug|Any CPU.ActiveCfg = Debug|Any CPU
		{11173D8D-EC89-4D18-885D-C83F9C7E4EF7}.Debug|Any CPU.Build.0 = Debug|Any CPU
		{11173D8D-EC89-4D18-885D-C83F9C7E4EF7}.Release|Any CPU.ActiveCfg = Release|Any CPU
		{11173D8D-EC89-4D18-885D-C83F9C7E4EF7}.Release|Any CPU.Build.0 = Release|Any CPU
		{2CBB644C-CC6C-41BD-8F49-1915A7B88263}.Debug|Any CPU.ActiveCfg = Debug|Any CPU
		{2CBB644C-CC6C-41BD-8F49-1915A7B88263}.Debug|Any CPU.Build.0 = Debug|Any CPU
		{2CBB644C-CC6C-41BD-8F49-1915A7B88263}.Release|Any CPU.ActiveCfg = Release|Any CPU
		{2CBB644C-CC6C-41BD-8F49-1915A7B88263}.Release|Any CPU.Build.0 = Release|Any CPU
		{F4EE9EBA-0D10-4484-AD93-0BFFEAD6FCF4}.Debug|Any CPU.ActiveCfg = Debug|Any CPU
		{F4EE9EBA-0D10-4484-AD93-0BFFEAD6FCF4}.Debug|Any CPU.Build.0 = Debug|Any CPU
		{F4EE9EBA-0D10-4484-AD93-0BFFEAD6FCF4}.Release|Any CPU.ActiveCfg = Release|Any CPU
		{F4EE9EBA-0D10-4484-AD93-0BFFEAD6FCF4}.Release|Any CPU.Build.0 = Release|Any CPU
	EndGlobalSection
	GlobalSection(SolutionProperties) = preSolution
		HideSolutionNode = FALSE
	EndGlobalSection
	GlobalSection(ExtensibilityGlobals) = postSolution
		SolutionGuid = {D6ED1066-996C-41A6-8FB7-4DFB722AEDA0}
	EndGlobalSection
EndGlobal
